{
  "version": 4,
  "terraform_version": "1.12.1",
  "serial": 33,
  "lineage": "d2b96850-7010-7d18-4449-1b820ec0373a",
  "outputs": {},
  "resources": [
    {
      "mode": "managed",
      "type": "aws_instance",
      "name": "web",
      "provider": "provider[\"registry.terraform.io/hashicorp/aws\"]",
      "instances": [
        {
          "schema_version": 2,
          "attributes": {
            "ami": "ami-0c02fb55956c7d316",
            "arn": "arn:aws:ec2:us-east-1:994909586749:instance/i-0754823a31cc322d1",
            "associate_public_ip_address": true,
            "availability_zone": "us-east-1b",
            "capacity_reservation_specification": [
              {
                "capacity_reservation_preference": "open",
                "capacity_reservation_target": []
              }
            ],
            "cpu_options": [
              {
                "amd_sev_snp": "",
                "core_count": 1,
                "threads_per_core": 1
              }
            ],
            "credit_specification": [
              {
                "cpu_credits": "standard"
              }
            ],
            "disable_api_stop": false,
            "disable_api_termination": false,
            "ebs_block_device": [],
            "ebs_optimized": false,
            "enable_primary_ipv6": null,
            "enclave_options": [
              {
                "enabled": false
              }
            ],
            "ephemeral_block_device": [],
            "force_destroy": false,
            "get_password_data": false,
            "hibernation": false,
            "host_id": "",
            "host_resource_group_arn": null,
            "iam_instance_profile": "",
            "id": "i-0754823a31cc322d1",
            "instance_initiated_shutdown_behavior": "stop",
            "instance_lifecycle": "",
            "instance_market_options": [],
            "instance_state": "running",
            "instance_type": "t2.micro",
            "ipv6_address_count": 0,
            "ipv6_addresses": [],
            "key_name": "my-key",
            "launch_template": [],
            "maintenance_options": [
              {
                "auto_recovery": "default"
              }
            ],
            "metadata_options": [
              {
                "http_endpoint": "enabled",
                "http_protocol_ipv6": "disabled",
                "http_put_response_hop_limit": 1,
                "http_tokens": "optional",
                "instance_metadata_tags": "disabled"
              }
            ],
            "monitoring": false,
            "network_interface": [],
            "outpost_arn": "",
            "password_data": "",
            "placement_group": "",
            "placement_partition_number": 0,
            "primary_network_interface": [
              {
                "delete_on_termination": true,
                "network_interface_id": "eni-01484111b4435d356"
              }
            ],
            "primary_network_interface_id": "eni-01484111b4435d356",
            "private_dns": "ip-172-31-30-242.ec2.internal",
            "private_dns_name_options": [
              {
                "enable_resource_name_dns_a_record": false,
                "enable_resource_name_dns_aaaa_record": false,
                "hostname_type": "ip-name"
              }
            ],
            "private_ip": "172.31.30.242",
            "public_dns": "ec2-34-229-96-78.compute-1.amazonaws.com",
            "public_ip": "34.229.96.78",
            "region": "us-east-1",
            "root_block_device": [
              {
                "delete_on_termination": true,
                "device_name": "/dev/xvda",
                "encrypted": false,
                "iops": 100,
                "kms_key_id": "",
                "tags": {},
                "tags_all": {},
                "throughput": 0,
                "volume_id": "vol-0a5ed752b0305b12a",
                "volume_size": 8,
                "volume_type": "gp2"
              }
            ],
            "secondary_private_ips": [],
            "security_groups": [
              "allow_ssh"
            ],
            "source_dest_check": true,
            "spot_instance_request_id": "",
            "subnet_id": "subnet-042365cd793e1adc5",
            "tags": {
              "Environment": "Dev",
              "Name": "DatadogMonitoredEC2"
            },
            "tags_all": {
              "Environment": "Dev",
              "Name": "DatadogMonitoredEC2"
            },
            "tenancy": "default",
            "timeouts": null,
            "user_data": "#!/bin/bash\nexec \u003e /var/log/user-data.log 2\u003e\u00261\necho \"Starting Datadog agent install...\"\n\nyum update -y\nyum install -y curl bash\n\nexport DD_API_KEY=31a4cfbc7a76fe79060a3f6717266199\nexport DD_SITE=\"datadoghq.com\"\necho \"Injected API Key: $DD_API_KEY\"\necho \"Datadog Site: $DD_SITE\"\n\nDD_API_KEY=31a4cfbc7a76fe79060a3f6717266199 DD_SITE=\"datadoghq.com\" bash -c \"$(curl -L https://s3.amazonaws.com/dd-agent/scripts/install_script_agent7.sh)\"\n\necho \"Datadog agent install complete.\n",
            "user_data_base64": null,
            "user_data_replace_on_change": false,
            "volume_tags": null,
            "vpc_security_group_ids": [
              "sg-0b2a3505ac9cd3305"
            ]
          },
          "sensitive_attributes": [
            [
              {
                "type": "get_attr",
                "value": "user_data"
              }
            ]
          ],
          "identity_schema_version": 0,
          "private": "eyJlMmJmYjczMC1lY2FhLTExZTYtOGY4OC0zNDM2M2JjN2M0YzAiOnsiY3JlYXRlIjo2MDAwMDAwMDAwMDAsImRlbGV0ZSI6MTIwMDAwMDAwMDAwMCwicmVhZCI6OTAwMDAwMDAwMDAwLCJ1cGRhdGUiOjYwMDAwMDAwMDAwMH0sInNjaGVtYV92ZXJzaW9uIjoiMiJ9",
          "dependencies": [
            "aws_key_pair.my_key",
            "aws_security_group.ssh_access"
          ]
        }
      ]
    },
    {
      "mode": "managed",
      "type": "aws_key_pair",
      "name": "my_key",
      "provider": "provider[\"registry.terraform.io/hashicorp/aws\"]",
      "instances": [
        {
          "schema_version": 1,
          "attributes": {
            "arn": "arn:aws:ec2:us-east-1:994909586749:key-pair/my-key",
            "fingerprint": "01:e9:dd:b8:c6:b9:af:95:d0:af:e2:52:ed:25:b9:60",
            "id": "my-key",
            "key_name": "my-key",
            "key_name_prefix": "",
            "key_pair_id": "key-0d3a2dc71ec613bfe",
            "key_type": "rsa",
            "public_key": "ssh-rsa AAAAB3NzaC1yc2EAAAADAQABAAACAQDl4K/fYcdLQHV3G0wQmW5koEDqGnHdvi6iZVkeRTIMcZQHPO7E3Zg+lNYq32a84hi0eazZOUNNsI3dhcnkY4gHA7exRVeoh/bO0WdKNTw8mmWiFtBsVTmzm+mvF9dh8Zg50Y1DaCT4kzSzdvqv6YrTa8rDWIQh0a7Zo2RG+lKkQ4u11eUfoqCdSMm6HTVqH15DW9opcjxfQ/5bqSR6LyyCYwm7U6pCwipxZGROT/m6rI8L0LrwSHVbWSSqGAb0uD4wx1aCox+BAI72+ZGewjyiquc6kM9sn1uFyUm0mMzuFqTEiybXt8xvJZ/DBol6Y4wbiLEUzG8ZOxZCSXHwl/NMsIqu5MGEsFSflU+fTBEN7mwvZUBPpnzaJjI55r5dLY3uQfnjsXOZvSExUJRtVUuff+DLW4IFEsSitGaBIKk9HhpbCRX0HwVDXjeB0vy91nPODJ0jHWpO+aZMimaNduDxVrlJltACASzAhtUHV4TOV0wDkVHQy5fQt3rSWQoxWVpfLxirxIemJDuVzZFs+vwWaUhgceB8ly7JHvL62ABDvNwLh0EZwCdkfQGGI/JEuWLlV60ngWFRmEnhei8YWdJLT24l3YojVPQmYicsLwxbmd5IxrFEI10yNMJHQAEwI3pV2KGWvr/uP5Y7ZiBR2+GH3h1LkYStpfxBHGFB1B0vsw== Lenovo@DESKTOP-KOTT9Q6",
            "region": "us-east-1",
            "tags": {},
            "tags_all": {}
          },
          "sensitive_attributes": [],
          "identity_schema_version": 0,
          "private": "eyJzY2hlbWFfdmVyc2lvbiI6IjEifQ=="
        }
      ]
    },
    {
      "mode": "managed",
      "type": "aws_security_group",
      "name": "ssh_access",
      "provider": "provider[\"registry.terraform.io/hashicorp/aws\"]",
      "instances": [
        {
          "schema_version": 1,
          "attributes": {
            "arn": "arn:aws:ec2:us-east-1:994909586749:security-group/sg-0b2a3505ac9cd3305",
            "description": "Allow SSH inbound traffic",
            "egress": [
              {
                "cidr_blocks": [
                  "0.0.0.0/0"
                ],
                "description": "",
                "from_port": 0,
                "ipv6_cidr_blocks": [],
                "prefix_list_ids": [],
                "protocol": "-1",
                "security_groups": [],
                "self": false,
                "to_port": 0
              }
            ],
            "id": "sg-0b2a3505ac9cd3305",
            "ingress": [
              {
                "cidr_blocks": [
                  "0.0.0.0/0"
                ],
                "description": "",
                "from_port": 22,
                "ipv6_cidr_blocks": [],
                "prefix_list_ids": [],
                "protocol": "tcp",
                "security_groups": [],
                "self": false,
                "to_port": 22
              }
            ],
            "name": "allow_ssh",
            "name_prefix": "",
            "owner_id": "994909586749",
            "region": "us-east-1",
            "revoke_rules_on_delete": false,
            "tags": {},
            "tags_all": {},
            "timeouts": null,
            "vpc_id": "vpc-0fd7e6a836f781c72"
          },
          "sensitive_attributes": [],
          "identity_schema_version": 0,
          "identity": {
            "account_id": "994909586749",
            "id": "sg-0b2a3505ac9cd3305",
            "region": "us-east-1"
          },
          "private": "eyJlMmJmYjczMC1lY2FhLTExZTYtOGY4OC0zNDM2M2JjN2M0YzAiOnsiY3JlYXRlIjo2MDAwMDAwMDAwMDAsImRlbGV0ZSI6OTAwMDAwMDAwMDAwfSwic2NoZW1hX3ZlcnNpb24iOiIxIn0="
        }
      ]
    }
  ],
  "check_results": null
}
